PODS:
  - Dendrogram (0.1.0):
    - Yoga (~> 1.14.0)
  - Nimble (9.0.0)
  - Quick (3.0.0)
  - Yoga (1.14.0)

DEPENDENCIES:
  - Dendrogram (from `../`)
  - Nimble (~> 9.0.0)
  - Quick (~> 3.0.0)

SPEC REPOS:
  trunk:
    - Nimble
    - Quick
    - Yoga

EXTERNAL SOURCES:
  Dendrogram:
    :path: "../"

SPEC CHECKSUMS:
  Dendrogram: 3ec07defd25e42b80f5c5fb5d18f2e44d0ddb752
  Nimble: 3b4ec3fd40f1dc178058e0981107721c615643d8
  Quick: 6d9559f40647bc4d510103842ef2fdd882d753e2
  Yoga: cff67a400f6b74dc38eb0bad4f156673d9aa980c

PODFILE CHECKSUM: 88f3bb5af0a83279ebd8ae87705e5e3d7bfcfd13

COCOAPODS: 1.10.0
