// !$*UTF8*$!
{
	archiveVersion = 1;
	classes = {
	};
	objectVersion = 50;
	objects = {

/* Begin PBXBuildFile section */
		18D3D5C8255F1EF3000C99BE /* AppDelegate.swift in Sources */ = {isa = PBXBuildFile; fileRef = 18D3D5C7255F1EF3000C99BE /* AppDelegate.swift */; };
		18D3D5CA255F1EF3000C99BE /* SceneDelegate.swift in Sources */ = {isa = PBXBuildFile; fileRef = 18D3D5C9255F1EF3000C99BE /* SceneDelegate.swift */; };
		18D3D5CC255F1EF3000C99BE /* ViewController.swift in Sources */ = {isa = PBXBuildFile; fileRef = 18D3D5CB255F1EF3000C99BE /* ViewController.swift */; };
		18D3D5CF255F1EF3000C99BE /* Main.storyboard in Resources */ = {isa = PBXBuildFile; fileRef = 18D3D5CD255F1EF3000C99BE /* Main.storyboard */; };
		18D3D5D1255F1EF4000C99BE /* Assets.xcassets in Resources */ = {isa = PBXBuildFile; fileRef = 18D3D5D0255F1EF4000C99BE /* Assets.xcassets */; };
		18D3D5D4255F1EF4000C99BE /* LaunchScreen.storyboard in Resources */ = {isa = PBXBuildFile; fileRef = 18D3D5D2255F1EF4000C99BE /* LaunchScreen.storyboard */; };
		18D3D5DF255F1EF4000C99BE /* ExampleTests.swift in Sources */ = {isa = PBXBuildFile; fileRef = 18D3D5DE255F1EF4000C99BE /* ExampleTests.swift */; };
/* End PBXBuildFile section */

/* Begin PBXContainerItemProxy section */
		18D3D5DB255F1EF4000C99BE /* PBXContainerItemProxy */ = {
			isa = PBXContainerItemProxy;
			containerPortal = 18D3D5BC255F1EF3000C99BE /* Project object */;
			proxyType = 1;
			remoteGlobalIDString = 18D3D5C3255F1EF3000C99BE;
			remoteInfo = Example;
		};
/* End PBXContainerItemProxy section */

/* Begin PBXFileReference section */
		18D3D5C4255F1EF3000C99BE /* Example.app */ = {isa = PBXFileReference; explicitFileType = wrapper.application; includeInIndex = 0; path = Example.app; sourceTree = BUILT_PRODUCTS_DIR; };
		18D3D5C7255F1EF3000C99BE /* AppDelegate.swift */ = {isa = PBXFileReference; lastKnownFileType = sourcecode.swift; path = AppDelegate.swift; sourceTree = "<group>"; };
		18D3D5C9255F1EF3000C99BE /* SceneDelegate.swift */ = {isa = PBXFileReference; lastKnownFileType = sourcecode.swift; path = SceneDelegate.swift; sourceTree = "<group>"; };
		18D3D5CB255F1EF3000C99BE /* ViewController.swift */ = {isa = PBXFileReference; lastKnownFileType = sourcecode.swift; path = ViewController.swift; sourceTree = "<group>"; };
		18D3D5CE255F1EF3000C99BE /* Base */ = {isa = PBXFileReference; lastKnownFileType = file.storyboard; name = Base; path = Base.lproj/Main.storyboard; sourceTree = "<group>"; };
		18D3D5D0255F1EF4000C99BE /* Assets.xcassets */ = {isa = PBXFileReference; lastKnownFileType = folder.assetcatalog; path = Assets.xcassets; sourceTree = "<group>"; };
		18D3D5D3255F1EF4000C99BE /* Base */ = {isa = PBXFileReference; lastKnownFileType = file.storyboard; name = Base; path = Base.lproj/LaunchScreen.storyboard; sourceTree = "<group>"; };
		18D3D5D5255F1EF4000C99BE /* Info.plist */ = {isa = PBXFileReference; lastKnownFileType = text.plist.xml; path = Info.plist; sourceTree = "<group>"; };
		18D3D5DA255F1EF4000C99BE /* ExampleTests.xctest */ = {isa = PBXFileReference; explicitFileType = wrapper.cfbundle; includeInIndex = 0; path = ExampleTests.xctest; sourceTree = BUILT_PRODUCTS_DIR; };
		18D3D5DE255F1EF4000C99BE /* ExampleTests.swift */ = {isa = PBXFileReference; lastKnownFileType = sourcecode.swift; path = ExampleTests.swift; sourceTree = "<group>"; };
		18D3D5E0255F1EF4000C99BE /* Info.plist */ = {isa = PBXFileReference; lastKnownFileType = text.plist.xml; path = Info.plist; sourceTree = "<group>"; };
/* End PBXFileReference section */

/* Begin PBXFrameworksBuildPhase section */
		18D3D5C1255F1EF3000C99BE /* Frameworks */ = {
			isa = PBXFrameworksBuildPhase;
			buildActionMask = 2147483647;
			files = (
			);
			runOnlyForDeploymentPostprocessing = 0;
		};
		18D3D5D7255F1EF4000C99BE /* Frameworks */ = {
			isa = PBXFrameworksBuildPhase;
			buildActionMask = 2147483647;
			files = (
			);
			runOnlyForDeploymentPostprocessing = 0;
		};
/* End PBXFrameworksBuildPhase section */

/* Begin PBXGroup section */
		18D3D5BB255F1EF3000C99BE = {
			isa = PBXGroup;
			children = (
				18D3D5C6255F1EF3000C99BE /* Example */,
				18D3D5DD255F1EF4000C99BE /* ExampleTests */,
				18D3D5C5255F1EF3000C99BE /* Products */,
			);
			sourceTree = "<group>";
		};
		18D3D5C5255F1EF3000C99BE /* Products */ = {
			isa = PBXGroup;
			children = (
				18D3D5C4255F1EF3000C99BE /* Example.app */,
				18D3D5DA255F1EF4000C99BE /* ExampleTests.xctest */,
			);
			name = Products;
			sourceTree = "<group>";
		};
		18D3D5C6255F1EF3000C99BE /* Example */ = {
			isa = PBXGroup;
			children = (
				18D3D5C7255F1EF3000C99BE /* AppDelegate.swift */,
				18D3D5C9255F1EF3000C99BE /* SceneDelegate.swift */,
				18D3D5CB255F1EF3000C99BE /* ViewController.swift */,
				18D3D5CD255F1EF3000C99BE /* Main.storyboard */,
				18D3D5D0255F1EF4000C99BE /* Assets.xcassets */,
				18D3D5D2255F1EF4000C99BE /* LaunchScreen.storyboard */,
				18D3D5D5255F1EF4000C99BE /* Info.plist */,
			);
			path = Example;
			sourceTree = "<group>";
		};
		18D3D5DD255F1EF4000C99BE /* ExampleTests */ = {
			isa = PBXGroup;
			children = (
				18D3D5DE255F1EF4000C99BE /* ExampleTests.swift */,
				18D3D5E0255F1EF4000C99BE /* Info.plist */,
			);
			path = ExampleTests;
			sourceTree = "<group>";
		};
/* End PBXGroup section */

/* Begin PBXNativeTarget section */
		18D3D5C3255F1EF3000C99BE /* Example */ = {
			isa = PBXNativeTarget;
			buildConfigurationList = 18D3D5EE255F1EF4000C99BE /* Build configuration list for PBXNativeTarget "Example" */;
			buildPhases = (
				18D3D5C0255F1EF3000C99BE /* Sources */,
				18D3D5C1255F1EF3000C99BE /* Frameworks */,
				18D3D5C2255F1EF3000C99BE /* Resources */,
			);
			buildRules = (
			);
			dependencies = (
			);
			name = Example;
			productName = Example;
			productReference = 18D3D5C4255F1EF3000C99BE /* Example.app */;
			productType = "com.apple.product-type.application";
		};
		18D3D5D9255F1EF4000C99BE /* ExampleTests */ = {
			isa = PBXNativeTarget;
			buildConfigurationList = 18D3D5F1255F1EF4000C99BE /* Build configuration list for PBXNativeTarget "ExampleTests" */;
			buildPhases = (
				18D3D5D6255F1EF4000C99BE /* Sources */,
				18D3D5D7255F1EF4000C99BE /* Frameworks */,
				18D3D5D8255F1EF4000C99BE /* Resources */,
			);
			buildRules = (
			);
			dependencies = (
				18D3D5DC255F1EF4000C99BE /* PBXTargetDependency */,
			);
			name = ExampleTests;
			productName = ExampleTests;
			productReference = 18D3D5DA255F1EF4000C99BE /* ExampleTests.xctest */;
			productType = "com.apple.product-type.bundle.unit-test";
		};
/* End PBXNativeTarget section */

/* Begin PBXProject section */
		18D3D5BC255F1EF3000C99BE /* Project object */ = {
			isa = PBXProject;
			attributes = {
				LastSwiftUpdateCheck = 1220;
				LastUpgradeCheck = 1220;
				TargetAttributes = {
					18D3D5C3255F1EF3000C99BE = {
						CreatedOnToolsVersion = 12.2;
					};
					18D3D5D9255F1EF4000C99BE = {
						CreatedOnToolsVersion = 12.2;
						TestTargetID = 18D3D5C3255F1EF3000C99BE;
					};
				};
			};
			buildConfigurationList = 18D3D5BF255F1EF3000C99BE /* Build configuration list for PBXProject "Example" */;
			compatibilityVersion = "Xcode 9.3";
			developmentRegion = en;
			hasScannedForEncodings = 0;
			knownRegions = (
				en,
				Base,
			);
			mainGroup = 18D3D5BB255F1EF3000C99BE;
			productRefGroup = 18D3D5C5255F1EF3000C99BE /* Products */;
			projectDirPath = "";
			projectRoot = "";
			targets = (
				18D3D5C3255F1EF3000C99BE /* Example */,
				18D3D5D9255F1EF4000C99BE /* ExampleTests */,
			);
		};
/* End PBXProject section */

/* Begin PBXResourcesBuildPhase section */
		18D3D5C2255F1EF3000C99BE /* Resources */ = {
			isa = PBXResourcesBuildPhase;
			buildActionMask = 2147483647;
			files = (
				18D3D5D4255F1EF4000C99BE /* LaunchScreen.storyboard in Resources */,
				18D3D5D1255F1EF4000C99BE /* Assets.xcassets in Resources */,
				18D3D5CF255F1EF3000C99BE /* Main.storyboard in Resources */,
			);
			runOnlyForDeploymentPostprocessing = 0;
		};
		18D3D5D8255F1EF4000C99BE /* Resources */ = {
			isa = PBXResourcesBuildPhase;
			buildActionMask = 2147483647;
			files = (
			);
			runOnlyForDeploymentPostprocessing = 0;
		};
/* End PBXResourcesBuildPhase section */

/* Begin PBXSourcesBuildPhase section */
		18D3D5C0255F1EF3000C99BE /* Sources */ = {
			isa = PBXSourcesBuildPhase;
			buildActionMask = 2147483647;
			files = (
				18D3D5CC255F1EF3000C99BE /* ViewController.swift in Sources */,
				18D3D5C8255F1EF3000C99BE /* AppDelegate.swift in Sources */,
				18D3D5CA255F1EF3000C99BE /* SceneDelegate.swift in Sources */,
			);
			runOnlyForDeploymentPostprocessing = 0;
		};
		18D3D5D6255F1EF4000C99BE /* Sources */ = {
			isa = PBXSourcesBuildPhase;
			buildActionMask = 2147483647;
			files = (
				18D3D5DF255F1EF4000C99BE /* ExampleTests.swift in Sources */,
			);
			runOnlyForDeploymentPostprocessing = 0;
		};
/* End PBXSourcesBuildPhase section */

/* Begin PBXTargetDependency section */
		18D3D5DC255F1EF4000C99BE /* PBXTargetDependency */ = {
			isa = PBXTargetDependency;
			target = 18D3D5C3255F1EF3000C99BE /* Example */;
			targetProxy = 18D3D5DB255F1EF4000C99BE /* PBXContainerItemProxy */;
		};
/* End PBXTargetDependency section */

/* Begin PBXVariantGroup section */
		18D3D5CD255F1EF3000C99BE /* Main.storyboard */ = {
			isa = PBXVariantGroup;
			children = (
				18D3D5CE255F1EF3000C99BE /* Base */,
			);
			name = Main.storyboard;
			sourceTree = "<group>";
		};
		18D3D5D2255F1EF4000C99BE /* LaunchScreen.storyboard */ = {
			isa = PBXVariantGroup;
			children = (
				18D3D5D3255F1EF4000C99BE /* Base */,
			);
			name = LaunchScreen.storyboard;
			sourceTree = "<group>";
		};
/* End PBXVariantGroup section */

/* Begin XCBuildConfiguration section */
		18D3D5EC255F1EF4000C99BE /* Debug */ = {
			isa = XCBuildConfiguration;
			buildSettings = {
				ALWAYS_SEARCH_USER_PATHS = NO;
				CLANG_ANALYZER_NONNULL = YES;
				CLANG_ANALYZER_NUMBER_OBJECT_CONVERSION = YES_AGGRESSIVE;
				CLANG_CXX_LANGUAGE_STANDARD = "gnu++14";
				CLANG_CXX_LIBRARY = "libc++";
				CLANG_ENABLE_MODULES = YES;
				CLANG_ENABLE_OBJC_ARC = YES;
				CLANG_ENABLE_OBJC_WEAK = YES;
				CLANG_WARN_BLOCK_CAPTURE_AUTORELEASING = YES;
				CLANG_WARN_BOOL_CONVERSION = YES;
				CLANG_WARN_COMMA = YES;
				CLANG_WARN_CONSTANT_CONVERSION = YES;
				CLANG_WARN_DEPRECATED_OBJC_IMPLEMENTATIONS = YES;
				CLANG_WARN_DIRECT_OBJC_ISA_USAGE = YES_ERROR;
				CLANG_WARN_DOCUMENTATION_COMMENTS = YES;
				CLANG_WARN_EMPTY_BODY = YES;
				CLANG_WARN_ENUM_CONVERSION = YES;
				CLANG_WARN_INFINITE_RECURSION = YES;
				CLANG_WARN_INT_CONVERSION = YES;
				CLANG_WARN_NON_LITERAL_NULL_CONVERSION = YES;
				CLANG_WARN_OBJC_IMPLICIT_RETAIN_SELF = YES;
				CLANG_WARN_OBJC_LITERAL_CONVERSION = YES;
				CLANG_WARN_OBJC_ROOT_CLASS = YES_ERROR;
				CLANG_WARN_QUOTED_INCLUDE_IN_FRAMEWORK_HEADER = YES;
				CLANG_WARN_RANGE_LOOP_ANALYSIS = YES;
				CLANG_WARN_STRICT_PROTOTYPES = YES;
				CLANG_WARN_SUSPICIOUS_MOVE = YES;
				CLANG_WARN_UNGUARDED_AVAILABILITY = YES_AGGRESSIVE;
				CLANG_WARN_UNREACHABLE_CODE = YES;
				CLANG_WARN__DUPLICATE_METHOD_MATCH = YES;
				COPY_PHASE_STRIP = NO;
				DEBUG_INFORMATION_FORMAT = dwarf;
				ENABLE_STRICT_OBJC_MSGSEND = YES;
				ENABLE_TESTABILITY = YES;
				GCC_C_LANGUAGE_STANDARD = gnu11;
				GCC_DYNAMIC_NO_PIC = NO;
				GCC_NO_COMMON_BLOCKS = YES;
				GCC_OPTIMIZATION_LEVEL = 0;
				GCC_PREPROCESSOR_DEFINITIONS = (
					"DEBUG=1",
					"$(inherited)",
				);
				GCC_WARN_64_TO_32_BIT_CONVERSION = YES;
				GCC_WARN_ABOUT_RETURN_TYPE = YES_ERROR;
				GCC_WARN_UNDECLARED_SELECTOR = YES;
				GCC_WARN_UNINITIALIZED_AUTOS = YES_AGGRESSIVE;
				GCC_WARN_UNUSED_FUNCTION = YES;
				GCC_WARN_UNUSED_VARIABLE = YES;
				IPHONEOS_DEPLOYMENT_TARGET = 14.2;
				MTL_ENABLE_DEBUG_INFO = INCLUDE_SOURCE;
				MTL_FAST_MATH = YES;
				ONLY_ACTIVE_ARCH = YES;
				SDKROOT = iphoneos;
				SWIFT_ACTIVE_COMPILATION_CONDITIONS = DEBUG;
				SWIFT_OPTIMIZATION_LEVEL = "-Onone";
			};
			name = Debug;
		};
		18D3D5ED255F1EF4000C99BE /* Release */ = {
			isa = XCBuildConfiguration;
			buildSettings = {
				ALWAYS_SEARCH_USER_PATHS = NO;
				CLANG_ANALYZER_NONNULL = YES;
				CLANG_ANALYZER_NUMBER_OBJECT_CONVERSION = YES_AGGRESSIVE;
				CLANG_CXX_LANGUAGE_STANDARD = "gnu++14";
				CLANG_CXX_LIBRARY = "libc++";
				CLANG_ENABLE_MODULES = YES;
				CLANG_ENABLE_OBJC_ARC = YES;
				CLANG_ENABLE_OBJC_WEAK = YES;
				CLANG_WARN_BLOCK_CAPTURE_AUTORELEASING = YES;
				CLANG_WARN_BOOL_CONVERSION = YES;
				CLANG_WARN_COMMA = YES;
				CLANG_WARN_CONSTANT_CONVERSION = YES;
				CLANG_WARN_DEPRECATED_OBJC_IMPLEMENTATIONS = YES;
				CLANG_WARN_DIRECT_OBJC_ISA_USAGE = YES_ERROR;
				CLANG_WARN_DOCUMENTATION_COMMENTS = YES;
				CLANG_WARN_EMPTY_BODY = YES;
				CLANG_WARN_ENUM_CONVERSION = YES;
				CLANG_WARN_INFINITE_RECURSION = YES;
				CLANG_WARN_INT_CONVERSION = YES;
				CLANG_WARN_NON_LITERAL_NULL_CONVERSION = YES;
				CLANG_WARN_OBJC_IMPLICIT_RETAIN_SELF = YES;
				CLANG_WARN_OBJC_LITERAL_CONVERSION = YES;
				CLANG_WARN_OBJC_ROOT_CLASS = YES_ERROR;
				CLANG_WARN_QUOTED_INCLUDE_IN_FRAMEWORK_HEADER = YES;
				CLANG_WARN_RANGE_LOOP_ANALYSIS = YES;
				CLANG_WARN_STRICT_PROTOTYPES = YES;
				CLANG_WARN_SUSPICIOUS_MOVE = YES;
				CLANG_WARN_UNGUARDED_AVAILABILITY = YES_AGGRESSIVE;
				CLANG_WARN_UNREACHABLE_CODE = YES;
				CLANG_WARN__DUPLICATE_METHOD_MATCH = YES;
				COPY_PHASE_STRIP = NO;
				DEBUG_INFORMATION_FORMAT = "dwarf-with-dsym";
				ENABLE_NS_ASSERTIONS = NO;
				ENABLE_STRICT_OBJC_MSGSEND = YES;
				GCC_C_LANGUAGE_STANDARD = gnu11;
				GCC_NO_COMMON_BLOCKS = YES;
				GCC_WARN_64_TO_32_BIT_CONVERSION = YES;
				GCC_WARN_ABOUT_RETURN_TYPE = YES_ERROR;
				GCC_WARN_UNDECLARED_SELECTOR = YES;
				GCC_WARN_UNINITIALIZED_AUTOS = YES_AGGRESSIVE;
				GCC_WARN_UNUSED_FUNCTION = YES;
				GCC_WARN_UNUSED_VARIABLE = YES;
				IPHONEOS_DEPLOYMENT_TARGET = 14.2;
				MTL_ENABLE_DEBUG_INFO = NO;
				MTL_FAST_MATH = YES;
				SDKROOT = iphoneos;
				SWIFT_COMPILATION_MODE = wholemodule;
				SWIFT_OPTIMIZATION_LEVEL = "-O";
				VALIDATE_PRODUCT = YES;
			};
			name = Release;
		};
		18D3D5EF255F1EF4000C99BE /* Debug */ = {
			isa = XCBuildConfiguration;
			buildSettings = {
				ASSETCATALOG_COMPILER_APPICON_NAME = AppIcon;
				ASSETCATALOG_COMPILER_GLOBAL_ACCENT_COLOR_NAME = AccentColor;
				CODE_SIGN_STYLE = Automatic;
				INFOPLIST_FILE = Example/Info.plist;
				LD_RUNPATH_SEARCH_PATHS = (
					"$(inherited)",
					"@executable_path/Frameworks",
				);
				PRODUCT_BUNDLE_IDENTIFIER = com.warmbloom.Example;
				PRODUCT_NAME = "$(TARGET_NAME)";
				SWIFT_VERSION = 5.0;
				TARGETED_DEVICE_FAMILY = "1,2";
			};
			name = Debug;
		};
		18D3D5F0255F1EF4000C99BE /* Release */ = {
			isa = XCBuildConfiguration;
			buildSettings = {
				ASSETCATALOG_COMPILER_APPICON_NAME = AppIcon;
				ASSETCATALOG_COMPILER_GLOBAL_ACCENT_COLOR_NAME = AccentColor;
				CODE_SIGN_STYLE = Automatic;
				INFOPLIST_FILE = Example/Info.plist;
				LD_RUNPATH_SEARCH_PATHS = (
					"$(inherited)",
					"@executable_path/Frameworks",
				);
				PRODUCT_BUNDLE_IDENTIFIER = com.warmbloom.Example;
				PRODUCT_NAME = "$(TARGET_NAME)";
				SWIFT_VERSION = 5.0;
				TARGETED_DEVICE_FAMILY = "1,2";
			};
			name = Release;
		};
		18D3D5F2255F1EF4000C99BE /* Debug */ = {
			isa = XCBuildConfiguration;
			buildSettings = {
				ALWAYS_EMBED_SWIFT_STANDARD_LIBRARIES = YES;
				BUNDLE_LOADER = "$(TEST_HOST)";
				CODE_SIGN_STYLE = Automatic;
				INFOPLIST_FILE = ExampleTests/Info.plist;
				IPHONEOS_DEPLOYMENT_TARGET = 14.2;
				LD_RUNPATH_SEARCH_PATHS = (
					"$(inherited)",
					"@executable_path/Frameworks",
					"@loader_path/Frameworks",
				);
				PRODUCT_BUNDLE_IDENTIFIER = com.warmbloom.ExampleTests;
				PRODUCT_NAME = "$(TARGET_NAME)";
				SWIFT_VERSION = 5.0;
				TARGETED_DEVICE_FAMILY = "1,2";
				TEST_HOST = "$(BUILT_PRODUCTS_DIR)/Example.app/Example";
			};
			name = Debug;
		};
		18D3D5F3255F1EF4000C99BE /* Release */ = {
			isa = XCBuildConfiguration;
			buildSettings = {
				ALWAYS_EMBED_SWIFT_STANDARD_LIBRARIES = YES;
				BUNDLE_LOADER = "$(TEST_HOST)";
				CODE_SIGN_STYLE = Automatic;
				INFOPLIST_FILE = ExampleTests/Info.plist;
				IPHONEOS_DEPLOYMENT_TARGET = 14.2;
				LD_RUNPATH_SEARCH_PATHS = (
					"$(inherited)",
					"@executable_path/Frameworks",
					"@loader_path/Frameworks",
				);
				PRODUCT_BUNDLE_IDENTIFIER = com.warmbloom.ExampleTests;
				PRODUCT_NAME = "$(TARGET_NAME)";
				SWIFT_VERSION = 5.0;
				TARGETED_DEVICE_FAMILY = "1,2";
				TEST_HOST = "$(BUILT_PRODUCTS_DIR)/Example.app/Example";
			};
			name = Release;
		};
/* End XCBuildConfiguration section */

/* Begin XCConfigurationList section */
		18D3D5BF255F1EF3000C99BE /* Build configuration list for PBXProject "Example" */ = {
			isa = XCConfigurationList;
			buildConfigurations = (
				18D3D5EC255F1EF4000C99BE /* Debug */,
				18D3D5ED255F1EF4000C99BE /* Release */,
			);
			defaultConfigurationIsVisible = 0;
			defaultConfigurationName = Release;
		};
		18D3D5EE255F1EF4000C99BE /* Build configuration list for PBXNativeTarget "Example" */ = {
			isa = XCConfigurationList;
			buildConfigurations = (
				18D3D5EF255F1EF4000C99BE /* Debug */,
				18D3D5F0255F1EF4000C99BE /* Release */,
			);
			defaultConfigurationIsVisible = 0;
			defaultConfigurationName = Release;
		};
		18D3D5F1255F1EF4000C99BE /* Build configuration list for PBXNativeTarget "ExampleTests" */ = {
			isa = XCConfigurationList;
			buildConfigurations = (
				18D3D5F2255F1EF4000C99BE /* Debug */,
				18D3D5F3255F1EF4000C99BE /* Release */,
			);
			defaultConfigurationIsVisible = 0;
			defaultConfigurationName = Release;
		};
/* End XCConfigurationList section */
	};
	rootObject = 18D3D5BC255F1EF3000C99BE /* Project object */;
}
